
Microsoft Visual Studio Solution File, Format Version 12.00
# Visual Studio Version 17
VisualStudioVersion = 17.1.32421.90
MinimumVisualStudioVersion = 10.0.40219.1
Project("{FAE04EC0-301F-11D3-BF4B-00C04F79EFBC}") = "Paint WinForm", "Paint WinForm.csproj", "{9A72E049-103E-4662-8EF3-6D37A9569475}"
EndProject
Global
	GlobalSection(SolutionConfigurationPlatforms) = preSolution
		Debug|Any CPU = Debug|Any CPU
		Release|Any CPU = Release|Any CPU
	EndGlobalSection
	GlobalSection(ProjectConfigurationPlatforms) = postSolution
		{9A72E049-103E-4662-8EF3-6D37A9569475}.Debug|Any CPU.ActiveCfg = Debug|Any CPU
		{9A72E049-103E-4662-8EF3-6D37A9569475}.Debug|Any CPU.Build.0 = Debug|Any CPU
		{9A72E049-103E-4662-8EF3-6D37A9569475}.Release|Any CPU.ActiveCfg = Release|Any CPU
		{9A72E049-103E-4662-8EF3-6D37A9569475}.Release|Any CPU.Build.0 = Release|Any CPU
	EndGlobalSection
	GlobalSection(SolutionProperties) = preSolution
		HideSolutionNode = FALSE
	EndGlobalSection
	GlobalSection(ExtensibilityGlobals) = postSolution
		SolutionGuid = {D6729871-4FA1-4E36-ACBE-29C5F1A41BA2}
	EndGlobalSection
EndGlobal
